# generated by rye
# use `rye lock` or `rye sync` to update this lockfile
#
# last locked with the following flags:
#   pre: false
#   features: []
#   all-features: false
#   with-sources: false

-e file:.
build==1.2.1
    # via poetry
cachecontrol==0.14.0
    # via poetry
certifi==2024.2.2
    # via requests
cffi==1.16.0
    # via xattr
charset-normalizer==3.3.2
    # via requests
cleo==2.1.0
    # via poetry
    # via python-polylith
click==8.1.7
    # via typer
crashtest==0.4.1
    # via cleo
    # via poetry
distlib==0.3.8
    # via virtualenv
dulwich==0.21.7
    # via poetry
fastjsonschema==2.19.1
    # via poetry
filelock==3.13.4
    # via cachecontrol
    # via virtualenv
hatchling==1.24.2
    # via python-polylith
idna==3.7
    # via requests
installer==0.7.0
    # via poetry
jaraco-classes==3.4.0
    # via keyring
keyring==24.3.1
    # via poetry
markdown-it-py==3.0.0
    # via rich
mdurl==0.1.2
    # via markdown-it-py
more-itertools==10.2.0
    # via jaraco-classes
msgpack==1.0.8
    # via cachecontrol
packaging==24.0
    # via build
    # via hatchling
    # via poetry
pathspec==0.12.1
    # via hatchling
pexpect==4.9.0
    # via poetry
pkginfo==1.10.0
    # via poetry
platformdirs==4.2.0
    # via poetry
    # via virtualenv
pluggy==1.5.0
    # via hatchling
poetry==1.8.2
    # via poetry-plugin-export
    # via python-polylith
poetry-core==1.9.0
    # via poetry
    # via poetry-plugin-export
poetry-plugin-export==1.7.1
    # via poetry
ptyprocess==0.7.0
    # via pexpect
pycparser==2.22
    # via cffi
pygments==2.17.2
    # via rich
pyproject-hooks==1.0.0
    # via build
    # via poetry
python-polylith @ file:///Users/peder/Projects/Tools/poly-reprex/../python-polylith
rapidfuzz==3.8.1
    # via cleo
requests==2.31.0
    # via cachecontrol
    # via poetry
    # via requests-toolbelt
requests-toolbelt==1.0.0
    # via poetry
rich==13.7.1
    # via python-polylith
    # via typer
shellingham==1.5.4
    # via poetry
    # via typer
tomlkit==0.12.4
    # via poetry
    # via python-polylith
trove-classifiers==2024.4.10
    # via hatchling
    # via poetry
typer==0.12.3
    # via python-polylith
typing-extensions==4.11.0
    # via typer
urllib3==2.2.1
    # via dulwich
    # via requests
virtualenv==20.25.3
    # via poetry
xattr==1.1.0
    # via poetry
